
Microsoft Visual Studio Solution File, Format Version 12.00
# Visual Studio 15
VisualStudioVersion = 15.0.28010.2016
MinimumVisualStudioVersion = 10.0.40219.1
Project("{FAE04EC0-301F-11D3-BF4B-00C04F79EFBC}") = "CANVAS", "CANVAS\CANVAS.csproj", "{18B9078D-7F69-4DD0-BA0B-AD52B5C02F25}"
EndProject
Global
	GlobalSection(SolutionConfigurationPlatforms) = preSolution
		Debug|Any CPU = Debug|Any CPU
		Release|Any CPU = Release|Any CPU
	EndGlobalSection
	GlobalSection(ProjectConfigurationPlatforms) = postSolution
		{18B9078D-7F69-4DD0-BA0B-AD52B5C02F25}.Debug|Any CPU.ActiveCfg = Debug|Any CPU
		{18B9078D-7F69-4DD0-BA0B-AD52B5C02F25}.Debug|Any CPU.Build.0 = Debug|Any CPU
		{18B9078D-7F69-4DD0-BA0B-AD52B5C02F25}.Release|Any CPU.ActiveCfg = Release|Any CPU
		{18B9078D-7F69-4DD0-BA0B-AD52B5C02F25}.Release|Any CPU.Build.0 = Release|Any CPU
	EndGlobalSection
	GlobalSection(SolutionProperties) = preSolution
		HideSolutionNode = FALSE
	EndGlobalSection
	GlobalSection(ExtensibilityGlobals) = postSolution
		SolutionGuid = {FC223D61-9A69-4E0B-9836-9AA4DDE00912}
	EndGlobalSection
EndGlobal
